
Microsoft Visual Studio Solution File, Format Version 12.00
# Visual Studio Version 16
VisualStudioVersion = 16.0.30907.101
MinimumVisualStudioVersion = 10.0.40219.1
Project("{FAE04EC0-301F-11D3-BF4B-00C04F79EFBC}") = "Gun4Odev5", "Gun4Odev5\Gun4Odev5.csproj", "{60596E18-EC51-4230-A0E9-ACEF6E76A3F0}"
EndProject
Global
	GlobalSection(SolutionConfigurationPlatforms) = preSolution
		Debug|Any CPU = Debug|Any CPU
		Release|Any CPU = Release|Any CPU
	EndGlobalSection
	GlobalSection(ProjectConfigurationPlatforms) = postSolution
		{60596E18-EC51-4230-A0E9-ACEF6E76A3F0}.Debug|Any CPU.ActiveCfg = Debug|Any CPU
		{60596E18-EC51-4230-A0E9-ACEF6E76A3F0}.Debug|Any CPU.Build.0 = Debug|Any CPU
		{60596E18-EC51-4230-A0E9-ACEF6E76A3F0}.Release|Any CPU.ActiveCfg = Release|Any CPU
		{60596E18-EC51-4230-A0E9-ACEF6E76A3F0}.Release|Any CPU.Build.0 = Release|Any CPU
	EndGlobalSection
	GlobalSection(SolutionProperties) = preSolution
		HideSolutionNode = FALSE
	EndGlobalSection
	GlobalSection(ExtensibilityGlobals) = postSolution
		SolutionGuid = {94A3490A-79EC-4C56-809D-F393FFA65A89}
	EndGlobalSection
EndGlobal
